
Microsoft Visual Studio Solution File, Format Version 12.00
# Visual Studio 15
VisualStudioVersion = 15.0.28307.168
MinimumVisualStudioVersion = 10.0.40219.1
Project("{FAE04EC0-301F-11D3-BF4B-00C04F79EFBC}") = "CognitiveServicesSpeech", "CognitiveServicesSpeech\CognitiveServicesSpeech.csproj", "{AF671CE6-42EB-4F7D-B5FD-263BCFBC3052}"
EndProject
Global
	GlobalSection(SolutionConfigurationPlatforms) = preSolution
		Debug|Any CPU = Debug|Any CPU
		Release|Any CPU = Release|Any CPU
	EndGlobalSection
	GlobalSection(ProjectConfigurationPlatforms) = postSolution
		{AF671CE6-42EB-4F7D-B5FD-263BCFBC3052}.Debug|Any CPU.ActiveCfg = Debug|Any CPU
		{AF671CE6-42EB-4F7D-B5FD-263BCFBC3052}.Debug|Any CPU.Build.0 = Debug|Any CPU
		{AF671CE6-42EB-4F7D-B5FD-263BCFBC3052}.Release|Any CPU.ActiveCfg = Release|Any CPU
		{AF671CE6-42EB-4F7D-B5FD-263BCFBC3052}.Release|Any CPU.Build.0 = Release|Any CPU
	EndGlobalSection
	GlobalSection(SolutionProperties) = preSolution
		HideSolutionNode = FALSE
	EndGlobalSection
	GlobalSection(ExtensibilityGlobals) = postSolution
		SolutionGuid = {C019BA74-7CD5-4A80-96C5-116979F63DA3}
	EndGlobalSection
EndGlobal
